
Microsoft Visual Studio Solution File, Format Version 12.00
# Visual Studio Version 17
VisualStudioVersion = 17.1.32421.90
MinimumVisualStudioVersion = 10.0.40219.1
Project("{FAE04EC0-301F-11D3-BF4B-00C04F79EFBC}") = "KCK_PROJEKT", "KCK_PROJEKT\KCK_PROJEKT.csproj", "{8A0FB1E9-BB6A-4D29-B5BA-157038786EA7}"
EndProject
Global
	GlobalSection(SolutionConfigurationPlatforms) = preSolution
		Debug|Any CPU = Debug|Any CPU
		Release|Any CPU = Release|Any CPU
	EndGlobalSection
	GlobalSection(ProjectConfigurationPlatforms) = postSolution
		{8A0FB1E9-BB6A-4D29-B5BA-157038786EA7}.Debug|Any CPU.ActiveCfg = Debug|Any CPU
		{8A0FB1E9-BB6A-4D29-B5BA-157038786EA7}.Debug|Any CPU.Build.0 = Debug|Any CPU
		{8A0FB1E9-BB6A-4D29-B5BA-157038786EA7}.Release|Any CPU.ActiveCfg = Release|Any CPU
		{8A0FB1E9-BB6A-4D29-B5BA-157038786EA7}.Release|Any CPU.Build.0 = Release|Any CPU
	EndGlobalSection
	GlobalSection(SolutionProperties) = preSolution
		HideSolutionNode = FALSE
	EndGlobalSection
	GlobalSection(ExtensibilityGlobals) = postSolution
		SolutionGuid = {64B7883F-DE42-4D52-A0BC-9048869FC135}
	EndGlobalSection
EndGlobal
